// !$*UTF8*$!
{
	archiveVersion = 1;
	classes = {
	};
	objectVersion = 46;
	objects = {

/* Begin PBXBuildFile section */
		741AEA9713790347004C617C /* UIKit.framework in Frameworks */ = {isa = PBXBuildFile; fileRef = 741AEA9613790347004C617C /* UIKit.framework */; };
		741AEA9913790347004C617C /* Foundation.framework in Frameworks */ = {isa = PBXBuildFile; fileRef = 741AEA9813790347004C617C /* Foundation.framework */; };
		741AEA9B13790347004C617C /* CoreGraphics.framework in Frameworks */ = {isa = PBXBuildFile; fileRef = 741AEA9A13790347004C617C /* CoreGraphics.framework */; };
		741AEAA113790347004C617C /* InfoPlist.strings in Resources */ = {isa = PBXBuildFile; fileRef = 741AEA9F13790347004C617C /* InfoPlist.strings */; };
		741AEAA413790347004C617C /* main.m in Sources */ = {isa = PBXBuildFile; fileRef = 741AEAA313790347004C617C /* main.m */; };
		741AEAA713790347004C617C /* Simple_TableAppDelegate.m in Sources */ = {isa = PBXBuildFile; fileRef = 741AEAA613790347004C617C /* Simple_TableAppDelegate.m */; };
		741AEAAA13790347004C617C /* MainWindow.xib in Resources */ = {isa = PBXBuildFile; fileRef = 741AEAA813790347004C617C /* MainWindow.xib */; };
		741AEAAD13790347004C617C /* Simple_TableViewController.m in Sources */ = {isa = PBXBuildFile; fileRef = 741AEAAC13790347004C617C /* Simple_TableViewController.m */; };
		741AEAB013790347004C617C /* Simple_TableViewController.xib in Resources */ = {isa = PBXBuildFile; fileRef = 741AEAAE13790347004C617C /* Simple_TableViewController.xib */; };
		7431498E13CAE83E000512F9 /* star.png in Resources */ = {isa = PBXBuildFile; fileRef = 7431498C13CAE83E000512F9 /* star.png */; };
		7431498F13CAE83E000512F9 /* star2.png in Resources */ = {isa = PBXBuildFile; fileRef = 7431498D13CAE83E000512F9 /* star2.png */; };
/* End PBXBuildFile section */

/* Begin PBXFileReference section */
		741AEA9213790347004C617C /* Simple Table.app */ = {isa = PBXFileReference; explicitFileType = wrapper.application; includeInIndex = 0; path = "Simple Table.app"; sourceTree = BUILT_PRODUCTS_DIR; };
		741AEA9613790347004C617C /* UIKit.framework */ = {isa = PBXFileReference; lastKnownFileType = wrapper.framework; name = UIKit.framework; path = System/Library/Frameworks/UIKit.framework; sourceTree = SDKROOT; };
		741AEA9813790347004C617C /* Foundation.framework */ = {isa = PBXFileReference; lastKnownFileType = wrapper.framework; name = Foundation.framework; path = System/Library/Frameworks/Foundation.framework; sourceTree = SDKROOT; };
		741AEA9A13790347004C617C /* CoreGraphics.framework */ = {isa = PBXFileReference; lastKnownFileType = wrapper.framework; name = CoreGraphics.framework; path = System/Library/Frameworks/CoreGraphics.framework; sourceTree = SDKROOT; };
		741AEA9E13790347004C617C /* Simple Table-Info.plist */ = {isa = PBXFileReference; lastKnownFileType = text.plist.xml; path = "Simple Table-Info.plist"; sourceTree = "<group>"; };
		741AEAA013790347004C617C /* en */ = {isa = PBXFileReference; lastKnownFileType = text.plist.strings; name = en; path = en.lproj/InfoPlist.strings; sourceTree = "<group>"; };
		741AEAA213790347004C617C /* Simple Table-Prefix.pch */ = {isa = PBXFileReference; lastKnownFileType = sourcecode.c.h; path = "Simple Table-Prefix.pch"; sourceTree = "<group>"; };
		741AEAA313790347004C617C /* main.m */ = {isa = PBXFileReference; lastKnownFileType = sourcecode.c.objc; path = main.m; sourceTree = "<group>"; };
		741AEAA513790347004C617C /* Simple_TableAppDelegate.h */ = {isa = PBXFileReference; lastKnownFileType = sourcecode.c.h; path = Simple_TableAppDelegate.h; sourceTree = "<group>"; };
		741AEAA613790347004C617C /* Simple_TableAppDelegate.m */ = {isa = PBXFileReference; lastKnownFileType = sourcecode.c.objc; path = Simple_TableAppDelegate.m; sourceTree = "<group>"; };
		741AEAA913790347004C617C /* en */ = {isa = PBXFileReference; lastKnownFileType = file.xib; name = en; path = en.lproj/MainWindow.xib; sourceTree = "<group>"; };
		741AEAAB13790347004C617C /* Simple_TableViewController.h */ = {isa = PBXFileReference; lastKnownFileType = sourcecode.c.h; path = Simple_TableViewController.h; sourceTree = "<group>"; };
		741AEAAC13790347004C617C /* Simple_TableViewController.m */ = {isa = PBXFileReference; lastKnownFileType = sourcecode.c.objc; path = Simple_TableViewController.m; sourceTree = "<group>"; };
		741AEAAF13790347004C617C /* en */ = {isa = PBXFileReference; lastKnownFileType = file.xib; name = en; path = en.lproj/Simple_TableViewController.xib; sourceTree = "<group>"; };
		7431498C13CAE83E000512F9 /* star.png */ = {isa = PBXFileReference; lastKnownFileType = image.png; path = star.png; sourceTree = "<group>"; };
		7431498D13CAE83E000512F9 /* star2.png */ = {isa = PBXFileReference; lastKnownFileType = image.png; path = star2.png; sourceTree = "<group>"; };
/* End PBXFileReference section */

/* Begin PBXFrameworksBuildPhase section */
		741AEA8F13790347004C617C /* Frameworks */ = {
			isa = PBXFrameworksBuildPhase;
			buildActionMask = 2147483647;
			files = (
				741AEA9713790347004C617C /* UIKit.framework in Frameworks */,
				741AEA9913790347004C617C /* Foundation.framework in Frameworks */,
				741AEA9B13790347004C617C /* CoreGraphics.framework in Frameworks */,
			);
			runOnlyForDeploymentPostprocessing = 0;
		};
/* End PBXFrameworksBuildPhase section */

/* Begin PBXGroup section */
		741AEA8713790347004C617C = {
			isa = PBXGroup;
			children = (
				741AEA9C13790347004C617C /* Simple Table */,
				741AEA9513790347004C617C /* Frameworks */,
				741AEA9313790347004C617C /* Products */,
			);
			sourceTree = "<group>";
		};
		741AEA9313790347004C617C /* Products */ = {
			isa = PBXGroup;
			children = (
				741AEA9213790347004C617C /* Simple Table.app */,
			);
			name = Products;
			sourceTree = "<group>";
		};
		741AEA9513790347004C617C /* Frameworks */ = {
			isa = PBXGroup;
			children = (
				741AEA9613790347004C617C /* UIKit.framework */,
				741AEA9813790347004C617C /* Foundation.framework */,
				741AEA9A13790347004C617C /* CoreGraphics.framework */,
			);
			name = Frameworks;
			sourceTree = "<group>";
		};
		741AEA9C13790347004C617C /* Simple Table */ = {
			isa = PBXGroup;
			children = (
				741AEAA513790347004C617C /* Simple_TableAppDelegate.h */,
				741AEAA613790347004C617C /* Simple_TableAppDelegate.m */,
				741AEAA813790347004C617C /* MainWindow.xib */,
				741AEAAB13790347004C617C /* Simple_TableViewController.h */,
				741AEAAC13790347004C617C /* Simple_TableViewController.m */,
				741AEAAE13790347004C617C /* Simple_TableViewController.xib */,
				741AEA9D13790347004C617C /* Supporting Files */,
			);
			path = "Simple Table";
			sourceTree = "<group>";
		};
		741AEA9D13790347004C617C /* Supporting Files */ = {
			isa = PBXGroup;
			children = (
				7431498C13CAE83E000512F9 /* star.png */,
				7431498D13CAE83E000512F9 /* star2.png */,
				741AEA9E13790347004C617C /* Simple Table-Info.plist */,
				741AEA9F13790347004C617C /* InfoPlist.strings */,
				741AEAA213790347004C617C /* Simple Table-Prefix.pch */,
				741AEAA313790347004C617C /* main.m */,
			);
			name = "Supporting Files";
			sourceTree = "<group>";
		};
/* End PBXGroup section */

/* Begin PBXNativeTarget section */
		741AEA9113790347004C617C /* Simple Table */ = {
			isa = PBXNativeTarget;
			buildConfigurationList = 741AEAB313790347004C617C /* Build configuration list for PBXNativeTarget "Simple Table" */;
			buildPhases = (
				741AEA8E13790347004C617C /* Sources */,
				741AEA8F13790347004C617C /* Frameworks */,
				741AEA9013790347004C617C /* Resources */,
			);
			buildRules = (
			);
			dependencies = (
			);
			name = "Simple Table";
			productName = "Simple Table";
			productReference = 741AEA9213790347004C617C /* Simple Table.app */;
			productType = "com.apple.product-type.application";
		};
/* End PBXNativeTarget section */

/* Begin PBXProject section */
		741AEA8913790347004C617C /* Project object */ = {
			isa = PBXProject;
			buildConfigurationList = 741AEA8C13790347004C617C /* Build configuration list for PBXProject "Simple Table" */;
			compatibilityVersion = "Xcode 3.2";
			developmentRegion = English;
			hasScannedForEncodings = 0;
			knownRegions = (
				en,
			);
			mainGroup = 741AEA8713790347004C617C;
			productRefGroup = 741AEA9313790347004C617C /* Products */;
			projectDirPath = "";
			projectRoot = "";
			targets = (
				741AEA9113790347004C617C /* Simple Table */,
			);
		};
/* End PBXProject section */

/* Begin PBXResourcesBuildPhase section */
		741AEA9013790347004C617C /* Resources */ = {
			isa = PBXResourcesBuildPhase;
			buildActionMask = 2147483647;
			files = (
				741AEAA113790347004C617C /* InfoPlist.strings in Resources */,
				741AEAAA13790347004C617C /* MainWindow.xib in Resources */,
				741AEAB013790347004C617C /* Simple_TableViewController.xib in Resources */,
				7431498E13CAE83E000512F9 /* star.png in Resources */,
				7431498F13CAE83E000512F9 /* star2.png in Resources */,
			);
			runOnlyForDeploymentPostprocessing = 0;
		};
/* End PBXResourcesBuildPhase section */

/* Begin PBXSourcesBuildPhase section */
		741AEA8E13790347004C617C /* Sources */ = {
			isa = PBXSourcesBuildPhase;
			buildActionMask = 2147483647;
			files = (
				741AEAA413790347004C617C /* main.m in Sources */,
				741AEAA713790347004C617C /* Simple_TableAppDelegate.m in Sources */,
				741AEAAD13790347004C617C /* Simple_TableViewController.m in Sources */,
			);
			runOnlyForDeploymentPostprocessing = 0;
		};
/* End PBXSourcesBuildPhase section */

/* Begin PBXVariantGroup section */
		741AEA9F13790347004C617C /* InfoPlist.strings */ = {
			isa = PBXVariantGroup;
			children = (
				741AEAA013790347004C617C /* en */,
			);
			name = InfoPlist.strings;
			sourceTree = "<group>";
		};
		741AEAA813790347004C617C /* MainWindow.xib */ = {
			isa = PBXVariantGroup;
			children = (
				741AEAA913790347004C617C /* en */,
			);
			name = MainWindow.xib;
			sourceTree = "<group>";
		};
		741AEAAE13790347004C617C /* Simple_TableViewController.xib */ = {
			isa = PBXVariantGroup;
			children = (
				741AEAAF13790347004C617C /* en */,
			);
			name = Simple_TableViewController.xib;
			sourceTree = "<group>";
		};
/* End PBXVariantGroup section */

/* Begin XCBuildConfiguration section */
		741AEAB113790347004C617C /* Debug */ = {
			isa = XCBuildConfiguration;
			buildSettings = {
				ARCHS = "$(ARCHS_STANDARD_32_BIT)";
				"CODE_SIGN_IDENTITY[sdk=iphoneos*]" = "iPhone Developer";
				GCC_C_LANGUAGE_STANDARD = gnu99;
				GCC_OPTIMIZATION_LEVEL = 0;
				GCC_PREPROCESSOR_DEFINITIONS = DEBUG;
				GCC_SYMBOLS_PRIVATE_EXTERN = NO;
				GCC_VERSION = com.apple.compilers.llvmgcc42;
				GCC_WARN_ABOUT_RETURN_TYPE = YES;
				GCC_WARN_UNUSED_VARIABLE = YES;
				IPHONEOS_DEPLOYMENT_TARGET = 4.3;
				SDKROOT = iphoneos;
			};
			name = Debug;
		};
		741AEAB213790347004C617C /* Release */ = {
			isa = XCBuildConfiguration;
			buildSettings = {
				ARCHS = "$(ARCHS_STANDARD_32_BIT)";
				"CODE_SIGN_IDENTITY[sdk=iphoneos*]" = "iPhone Developer";
				GCC_C_LANGUAGE_STANDARD = gnu99;
				GCC_VERSION = com.apple.compilers.llvmgcc42;
				GCC_WARN_ABOUT_RETURN_TYPE = YES;
				GCC_WARN_UNUSED_VARIABLE = YES;
				IPHONEOS_DEPLOYMENT_TARGET = 4.3;
				OTHER_CFLAGS = "-DNS_BLOCK_ASSERTIONS=1";
				SDKROOT = iphoneos;
			};
			name = Release;
		};
		741AEAB413790347004C617C /* Debug */ = {
			isa = XCBuildConfiguration;
			buildSettings = {
				ALWAYS_SEARCH_USER_PATHS = NO;
				COPY_PHASE_STRIP = NO;
				GCC_DYNAMIC_NO_PIC = NO;
				GCC_PRECOMPILE_PREFIX_HEADER = YES;
				GCC_PREFIX_HEADER = "Simple Table/Simple Table-Prefix.pch";
				INFOPLIST_FILE = "Simple Table/Simple Table-Info.plist";
				PRODUCT_NAME = "$(TARGET_NAME)";
				WRAPPER_EXTENSION = app;
			};
			name = Debug;
		};
		741AEAB513790347004C617C /* Release */ = {
			isa = XCBuildConfiguration;
			buildSettings = {
				ALWAYS_SEARCH_USER_PATHS = NO;
				COPY_PHASE_STRIP = YES;
				GCC_PRECOMPILE_PREFIX_HEADER = YES;
				GCC_PREFIX_HEADER = "Simple Table/Simple Table-Prefix.pch";
				INFOPLIST_FILE = "Simple Table/Simple Table-Info.plist";
				PRODUCT_NAME = "$(TARGET_NAME)";
				VALIDATE_PRODUCT = YES;
				WRAPPER_EXTENSION = app;
			};
			name = Release;
		};
/* End XCBuildConfiguration section */

/* Begin XCConfigurationList section */
		741AEA8C13790347004C617C /* Build configuration list for PBXProject "Simple Table" */ = {
			isa = XCConfigurationList;
			buildConfigurations = (
				741AEAB113790347004C617C /* Debug */,
				741AEAB213790347004C617C /* Release */,
			);
			defaultConfigurationIsVisible = 0;
			defaultConfigurationName = Release;
		};
		741AEAB313790347004C617C /* Build configuration list for PBXNativeTarget "Simple Table" */ = {
			isa = XCConfigurationList;
			buildConfigurations = (
				741AEAB413790347004C617C /* Debug */,
				741AEAB513790347004C617C /* Release */,
			);
			defaultConfigurationIsVisible = 0;
			defaultConfigurationName = Release;
		};
/* End XCConfigurationList section */
	};
	rootObject = 741AEA8913790347004C617C /* Project object */;
}
