// !$*UTF8*$!
{
	archiveVersion = 1;
	classes = {
	};
	objectVersion = 46;
	objects = {

/* Begin PBXBuildFile section */
		74D883581377AEC000B2CCC5 /* UIKit.framework in Frameworks */ = {isa = PBXBuildFile; fileRef = 74D883571377AEC000B2CCC5 /* UIKit.framework */; };
		74D8835A1377AEC100B2CCC5 /* Foundation.framework in Frameworks */ = {isa = PBXBuildFile; fileRef = 74D883591377AEC100B2CCC5 /* Foundation.framework */; };
		74D8835C1377AEC100B2CCC5 /* CoreGraphics.framework in Frameworks */ = {isa = PBXBuildFile; fileRef = 74D8835B1377AEC100B2CCC5 /* CoreGraphics.framework */; };
		74D883621377AEC100B2CCC5 /* InfoPlist.strings in Resources */ = {isa = PBXBuildFile; fileRef = 74D883601377AEC100B2CCC5 /* InfoPlist.strings */; };
		74D883651377AEC100B2CCC5 /* main.m in Sources */ = {isa = PBXBuildFile; fileRef = 74D883641377AEC100B2CCC5 /* main.m */; };
		74D883681377AEC100B2CCC5 /* Control_FunAppDelegate.m in Sources */ = {isa = PBXBuildFile; fileRef = 74D883671377AEC100B2CCC5 /* Control_FunAppDelegate.m */; };
		74D8836B1377AEC100B2CCC5 /* MainWindow.xib in Resources */ = {isa = PBXBuildFile; fileRef = 74D883691377AEC100B2CCC5 /* MainWindow.xib */; };
		74D8836E1377AEC100B2CCC5 /* Control_FunViewController.m in Sources */ = {isa = PBXBuildFile; fileRef = 74D8836D1377AEC100B2CCC5 /* Control_FunViewController.m */; };
		74D883711377AEC100B2CCC5 /* Control_FunViewController.xib in Resources */ = {isa = PBXBuildFile; fileRef = 74D8836F1377AEC100B2CCC5 /* Control_FunViewController.xib */; };
		74D883791377AF2E00B2CCC5 /* apress_logo.png in Resources */ = {isa = PBXBuildFile; fileRef = 74D883771377AF2E00B2CCC5 /* apress_logo.png */; };
		74D8837A1377AF2E00B2CCC5 /* blueButton.png in Resources */ = {isa = PBXBuildFile; fileRef = 74D883781377AF2E00B2CCC5 /* blueButton.png */; };
		74D8837C1377E03100B2CCC5 /* whiteButton.png in Resources */ = {isa = PBXBuildFile; fileRef = 74D8837B1377E03100B2CCC5 /* whiteButton.png */; };
/* End PBXBuildFile section */

/* Begin PBXFileReference section */
		74D883531377AEC000B2CCC5 /* Control Fun.app */ = {isa = PBXFileReference; explicitFileType = wrapper.application; includeInIndex = 0; path = "Control Fun.app"; sourceTree = BUILT_PRODUCTS_DIR; };
		74D883571377AEC000B2CCC5 /* UIKit.framework */ = {isa = PBXFileReference; lastKnownFileType = wrapper.framework; name = UIKit.framework; path = System/Library/Frameworks/UIKit.framework; sourceTree = SDKROOT; };
		74D883591377AEC100B2CCC5 /* Foundation.framework */ = {isa = PBXFileReference; lastKnownFileType = wrapper.framework; name = Foundation.framework; path = System/Library/Frameworks/Foundation.framework; sourceTree = SDKROOT; };
		74D8835B1377AEC100B2CCC5 /* CoreGraphics.framework */ = {isa = PBXFileReference; lastKnownFileType = wrapper.framework; name = CoreGraphics.framework; path = System/Library/Frameworks/CoreGraphics.framework; sourceTree = SDKROOT; };
		74D8835F1377AEC100B2CCC5 /* Control Fun-Info.plist */ = {isa = PBXFileReference; lastKnownFileType = text.plist.xml; path = "Control Fun-Info.plist"; sourceTree = "<group>"; };
		74D883611377AEC100B2CCC5 /* en */ = {isa = PBXFileReference; lastKnownFileType = text.plist.strings; name = en; path = en.lproj/InfoPlist.strings; sourceTree = "<group>"; };
		74D883631377AEC100B2CCC5 /* Control Fun-Prefix.pch */ = {isa = PBXFileReference; lastKnownFileType = sourcecode.c.h; path = "Control Fun-Prefix.pch"; sourceTree = "<group>"; };
		74D883641377AEC100B2CCC5 /* main.m */ = {isa = PBXFileReference; lastKnownFileType = sourcecode.c.objc; path = main.m; sourceTree = "<group>"; };
		74D883661377AEC100B2CCC5 /* Control_FunAppDelegate.h */ = {isa = PBXFileReference; lastKnownFileType = sourcecode.c.h; path = Control_FunAppDelegate.h; sourceTree = "<group>"; };
		74D883671377AEC100B2CCC5 /* Control_FunAppDelegate.m */ = {isa = PBXFileReference; lastKnownFileType = sourcecode.c.objc; path = Control_FunAppDelegate.m; sourceTree = "<group>"; };
		74D8836A1377AEC100B2CCC5 /* en */ = {isa = PBXFileReference; lastKnownFileType = file.xib; name = en; path = en.lproj/MainWindow.xib; sourceTree = "<group>"; };
		74D8836C1377AEC100B2CCC5 /* Control_FunViewController.h */ = {isa = PBXFileReference; lastKnownFileType = sourcecode.c.h; path = Control_FunViewController.h; sourceTree = "<group>"; };
		74D8836D1377AEC100B2CCC5 /* Control_FunViewController.m */ = {isa = PBXFileReference; lastKnownFileType = sourcecode.c.objc; path = Control_FunViewController.m; sourceTree = "<group>"; };
		74D883701377AEC100B2CCC5 /* en */ = {isa = PBXFileReference; lastKnownFileType = file.xib; name = en; path = en.lproj/Control_FunViewController.xib; sourceTree = "<group>"; };
		74D883771377AF2E00B2CCC5 /* apress_logo.png */ = {isa = PBXFileReference; lastKnownFileType = image.png; path = apress_logo.png; sourceTree = "<group>"; };
		74D883781377AF2E00B2CCC5 /* blueButton.png */ = {isa = PBXFileReference; lastKnownFileType = image.png; path = blueButton.png; sourceTree = "<group>"; };
		74D8837B1377E03100B2CCC5 /* whiteButton.png */ = {isa = PBXFileReference; lastKnownFileType = image.png; path = whiteButton.png; sourceTree = "<group>"; };
/* End PBXFileReference section */

/* Begin PBXFrameworksBuildPhase section */
		74D883501377AEC000B2CCC5 /* Frameworks */ = {
			isa = PBXFrameworksBuildPhase;
			buildActionMask = 2147483647;
			files = (
				74D883581377AEC000B2CCC5 /* UIKit.framework in Frameworks */,
				74D8835A1377AEC100B2CCC5 /* Foundation.framework in Frameworks */,
				74D8835C1377AEC100B2CCC5 /* CoreGraphics.framework in Frameworks */,
			);
			runOnlyForDeploymentPostprocessing = 0;
		};
/* End PBXFrameworksBuildPhase section */

/* Begin PBXGroup section */
		74D883481377AEC000B2CCC5 = {
			isa = PBXGroup;
			children = (
				74D8835D1377AEC100B2CCC5 /* Control Fun */,
				74D883561377AEC000B2CCC5 /* Frameworks */,
				74D883541377AEC000B2CCC5 /* Products */,
			);
			sourceTree = "<group>";
		};
		74D883541377AEC000B2CCC5 /* Products */ = {
			isa = PBXGroup;
			children = (
				74D883531377AEC000B2CCC5 /* Control Fun.app */,
			);
			name = Products;
			sourceTree = "<group>";
		};
		74D883561377AEC000B2CCC5 /* Frameworks */ = {
			isa = PBXGroup;
			children = (
				74D883571377AEC000B2CCC5 /* UIKit.framework */,
				74D883591377AEC100B2CCC5 /* Foundation.framework */,
				74D8835B1377AEC100B2CCC5 /* CoreGraphics.framework */,
			);
			name = Frameworks;
			sourceTree = "<group>";
		};
		74D8835D1377AEC100B2CCC5 /* Control Fun */ = {
			isa = PBXGroup;
			children = (
				74D883661377AEC100B2CCC5 /* Control_FunAppDelegate.h */,
				74D883671377AEC100B2CCC5 /* Control_FunAppDelegate.m */,
				74D883691377AEC100B2CCC5 /* MainWindow.xib */,
				74D8836C1377AEC100B2CCC5 /* Control_FunViewController.h */,
				74D8836D1377AEC100B2CCC5 /* Control_FunViewController.m */,
				74D8836F1377AEC100B2CCC5 /* Control_FunViewController.xib */,
				74D8835E1377AEC100B2CCC5 /* Supporting Files */,
			);
			path = "Control Fun";
			sourceTree = "<group>";
		};
		74D8835E1377AEC100B2CCC5 /* Supporting Files */ = {
			isa = PBXGroup;
			children = (
				74D8837B1377E03100B2CCC5 /* whiteButton.png */,
				74D883771377AF2E00B2CCC5 /* apress_logo.png */,
				74D883781377AF2E00B2CCC5 /* blueButton.png */,
				74D8835F1377AEC100B2CCC5 /* Control Fun-Info.plist */,
				74D883601377AEC100B2CCC5 /* InfoPlist.strings */,
				74D883631377AEC100B2CCC5 /* Control Fun-Prefix.pch */,
				74D883641377AEC100B2CCC5 /* main.m */,
			);
			name = "Supporting Files";
			sourceTree = "<group>";
		};
/* End PBXGroup section */

/* Begin PBXNativeTarget section */
		74D883521377AEC000B2CCC5 /* Control Fun */ = {
			isa = PBXNativeTarget;
			buildConfigurationList = 74D883741377AEC100B2CCC5 /* Build configuration list for PBXNativeTarget "Control Fun" */;
			buildPhases = (
				74D8834F1377AEC000B2CCC5 /* Sources */,
				74D883501377AEC000B2CCC5 /* Frameworks */,
				74D883511377AEC000B2CCC5 /* Resources */,
			);
			buildRules = (
			);
			dependencies = (
			);
			name = "Control Fun";
			productName = "Control Fun";
			productReference = 74D883531377AEC000B2CCC5 /* Control Fun.app */;
			productType = "com.apple.product-type.application";
		};
/* End PBXNativeTarget section */

/* Begin PBXProject section */
		74D8834A1377AEC000B2CCC5 /* Project object */ = {
			isa = PBXProject;
			buildConfigurationList = 74D8834D1377AEC000B2CCC5 /* Build configuration list for PBXProject "Control Fun" */;
			compatibilityVersion = "Xcode 3.2";
			developmentRegion = English;
			hasScannedForEncodings = 0;
			knownRegions = (
				en,
			);
			mainGroup = 74D883481377AEC000B2CCC5;
			productRefGroup = 74D883541377AEC000B2CCC5 /* Products */;
			projectDirPath = "";
			projectRoot = "";
			targets = (
				74D883521377AEC000B2CCC5 /* Control Fun */,
			);
		};
/* End PBXProject section */

/* Begin PBXResourcesBuildPhase section */
		74D883511377AEC000B2CCC5 /* Resources */ = {
			isa = PBXResourcesBuildPhase;
			buildActionMask = 2147483647;
			files = (
				74D883621377AEC100B2CCC5 /* InfoPlist.strings in Resources */,
				74D8836B1377AEC100B2CCC5 /* MainWindow.xib in Resources */,
				74D883711377AEC100B2CCC5 /* Control_FunViewController.xib in Resources */,
				74D883791377AF2E00B2CCC5 /* apress_logo.png in Resources */,
				74D8837A1377AF2E00B2CCC5 /* blueButton.png in Resources */,
				74D8837C1377E03100B2CCC5 /* whiteButton.png in Resources */,
			);
			runOnlyForDeploymentPostprocessing = 0;
		};
/* End PBXResourcesBuildPhase section */

/* Begin PBXSourcesBuildPhase section */
		74D8834F1377AEC000B2CCC5 /* Sources */ = {
			isa = PBXSourcesBuildPhase;
			buildActionMask = 2147483647;
			files = (
				74D883651377AEC100B2CCC5 /* main.m in Sources */,
				74D883681377AEC100B2CCC5 /* Control_FunAppDelegate.m in Sources */,
				74D8836E1377AEC100B2CCC5 /* Control_FunViewController.m in Sources */,
			);
			runOnlyForDeploymentPostprocessing = 0;
		};
/* End PBXSourcesBuildPhase section */

/* Begin PBXVariantGroup section */
		74D883601377AEC100B2CCC5 /* InfoPlist.strings */ = {
			isa = PBXVariantGroup;
			children = (
				74D883611377AEC100B2CCC5 /* en */,
			);
			name = InfoPlist.strings;
			sourceTree = "<group>";
		};
		74D883691377AEC100B2CCC5 /* MainWindow.xib */ = {
			isa = PBXVariantGroup;
			children = (
				74D8836A1377AEC100B2CCC5 /* en */,
			);
			name = MainWindow.xib;
			sourceTree = "<group>";
		};
		74D8836F1377AEC100B2CCC5 /* Control_FunViewController.xib */ = {
			isa = PBXVariantGroup;
			children = (
				74D883701377AEC100B2CCC5 /* en */,
			);
			name = Control_FunViewController.xib;
			sourceTree = "<group>";
		};
/* End PBXVariantGroup section */

/* Begin XCBuildConfiguration section */
		74D883721377AEC100B2CCC5 /* Debug */ = {
			isa = XCBuildConfiguration;
			buildSettings = {
				ARCHS = "$(ARCHS_STANDARD_32_BIT)";
				"CODE_SIGN_IDENTITY[sdk=iphoneos*]" = "iPhone Developer";
				GCC_C_LANGUAGE_STANDARD = gnu99;
				GCC_OPTIMIZATION_LEVEL = 0;
				GCC_PREPROCESSOR_DEFINITIONS = DEBUG;
				GCC_SYMBOLS_PRIVATE_EXTERN = NO;
				GCC_VERSION = com.apple.compilers.llvmgcc42;
				GCC_WARN_ABOUT_RETURN_TYPE = YES;
				GCC_WARN_UNUSED_VARIABLE = YES;
				IPHONEOS_DEPLOYMENT_TARGET = 4.3;
				SDKROOT = iphoneos;
			};
			name = Debug;
		};
		74D883731377AEC100B2CCC5 /* Release */ = {
			isa = XCBuildConfiguration;
			buildSettings = {
				ARCHS = "$(ARCHS_STANDARD_32_BIT)";
				"CODE_SIGN_IDENTITY[sdk=iphoneos*]" = "iPhone Developer";
				GCC_C_LANGUAGE_STANDARD = gnu99;
				GCC_VERSION = com.apple.compilers.llvmgcc42;
				GCC_WARN_ABOUT_RETURN_TYPE = YES;
				GCC_WARN_UNUSED_VARIABLE = YES;
				IPHONEOS_DEPLOYMENT_TARGET = 4.3;
				OTHER_CFLAGS = "-DNS_BLOCK_ASSERTIONS=1";
				SDKROOT = iphoneos;
			};
			name = Release;
		};
		74D883751377AEC100B2CCC5 /* Debug */ = {
			isa = XCBuildConfiguration;
			buildSettings = {
				ALWAYS_SEARCH_USER_PATHS = NO;
				COPY_PHASE_STRIP = NO;
				GCC_DYNAMIC_NO_PIC = NO;
				GCC_PRECOMPILE_PREFIX_HEADER = YES;
				GCC_PREFIX_HEADER = "Control Fun/Control Fun-Prefix.pch";
				INFOPLIST_FILE = "Control Fun/Control Fun-Info.plist";
				PRODUCT_NAME = "$(TARGET_NAME)";
				WRAPPER_EXTENSION = app;
			};
			name = Debug;
		};
		74D883761377AEC100B2CCC5 /* Release */ = {
			isa = XCBuildConfiguration;
			buildSettings = {
				ALWAYS_SEARCH_USER_PATHS = NO;
				COPY_PHASE_STRIP = YES;
				GCC_PRECOMPILE_PREFIX_HEADER = YES;
				GCC_PREFIX_HEADER = "Control Fun/Control Fun-Prefix.pch";
				INFOPLIST_FILE = "Control Fun/Control Fun-Info.plist";
				PRODUCT_NAME = "$(TARGET_NAME)";
				VALIDATE_PRODUCT = YES;
				WRAPPER_EXTENSION = app;
			};
			name = Release;
		};
/* End XCBuildConfiguration section */

/* Begin XCConfigurationList section */
		74D8834D1377AEC000B2CCC5 /* Build configuration list for PBXProject "Control Fun" */ = {
			isa = XCConfigurationList;
			buildConfigurations = (
				74D883721377AEC100B2CCC5 /* Debug */,
				74D883731377AEC100B2CCC5 /* Release */,
			);
			defaultConfigurationIsVisible = 0;
			defaultConfigurationName = Release;
		};
		74D883741377AEC100B2CCC5 /* Build configuration list for PBXNativeTarget "Control Fun" */ = {
			isa = XCConfigurationList;
			buildConfigurations = (
				74D883751377AEC100B2CCC5 /* Debug */,
				74D883761377AEC100B2CCC5 /* Release */,
			);
			defaultConfigurationIsVisible = 0;
		};
/* End XCConfigurationList section */
	};
	rootObject = 74D8834A1377AEC000B2CCC5 /* Project object */;
}
