// !$*UTF8*$!
{
	archiveVersion = 1;
	classes = {
	};
	objectVersion = 46;
	objects = {

/* Begin PBXBuildFile section */
		74C47AC01377E32100B58D20 /* UIKit.framework in Frameworks */ = {isa = PBXBuildFile; fileRef = 74C47ABF1377E32100B58D20 /* UIKit.framework */; };
		74C47AC21377E32100B58D20 /* Foundation.framework in Frameworks */ = {isa = PBXBuildFile; fileRef = 74C47AC11377E32100B58D20 /* Foundation.framework */; };
		74C47AC41377E32100B58D20 /* CoreGraphics.framework in Frameworks */ = {isa = PBXBuildFile; fileRef = 74C47AC31377E32100B58D20 /* CoreGraphics.framework */; };
		74C47ACA1377E32100B58D20 /* InfoPlist.strings in Resources */ = {isa = PBXBuildFile; fileRef = 74C47AC81377E32100B58D20 /* InfoPlist.strings */; };
		74C47ACD1377E32100B58D20 /* main.m in Sources */ = {isa = PBXBuildFile; fileRef = 74C47ACC1377E32100B58D20 /* main.m */; };
		74C47AD01377E32100B58D20 /* AutosizeAppDelegate.m in Sources */ = {isa = PBXBuildFile; fileRef = 74C47ACF1377E32100B58D20 /* AutosizeAppDelegate.m */; };
		74C47AD31377E32100B58D20 /* MainWindow.xib in Resources */ = {isa = PBXBuildFile; fileRef = 74C47AD11377E32100B58D20 /* MainWindow.xib */; };
		74C47AD61377E32100B58D20 /* AutosizeViewController.m in Sources */ = {isa = PBXBuildFile; fileRef = 74C47AD51377E32100B58D20 /* AutosizeViewController.m */; };
		74C47AD91377E32100B58D20 /* AutosizeViewController.xib in Resources */ = {isa = PBXBuildFile; fileRef = 74C47AD71377E32100B58D20 /* AutosizeViewController.xib */; };
/* End PBXBuildFile section */

/* Begin PBXFileReference section */
		74C47ABB1377E32100B58D20 /* Autosize.app */ = {isa = PBXFileReference; explicitFileType = wrapper.application; includeInIndex = 0; path = Autosize.app; sourceTree = BUILT_PRODUCTS_DIR; };
		74C47ABF1377E32100B58D20 /* UIKit.framework */ = {isa = PBXFileReference; lastKnownFileType = wrapper.framework; name = UIKit.framework; path = System/Library/Frameworks/UIKit.framework; sourceTree = SDKROOT; };
		74C47AC11377E32100B58D20 /* Foundation.framework */ = {isa = PBXFileReference; lastKnownFileType = wrapper.framework; name = Foundation.framework; path = System/Library/Frameworks/Foundation.framework; sourceTree = SDKROOT; };
		74C47AC31377E32100B58D20 /* CoreGraphics.framework */ = {isa = PBXFileReference; lastKnownFileType = wrapper.framework; name = CoreGraphics.framework; path = System/Library/Frameworks/CoreGraphics.framework; sourceTree = SDKROOT; };
		74C47AC71377E32100B58D20 /* Autosize-Info.plist */ = {isa = PBXFileReference; lastKnownFileType = text.plist.xml; path = "Autosize-Info.plist"; sourceTree = "<group>"; };
		74C47AC91377E32100B58D20 /* en */ = {isa = PBXFileReference; lastKnownFileType = text.plist.strings; name = en; path = en.lproj/InfoPlist.strings; sourceTree = "<group>"; };
		74C47ACB1377E32100B58D20 /* Autosize-Prefix.pch */ = {isa = PBXFileReference; lastKnownFileType = sourcecode.c.h; path = "Autosize-Prefix.pch"; sourceTree = "<group>"; };
		74C47ACC1377E32100B58D20 /* main.m */ = {isa = PBXFileReference; lastKnownFileType = sourcecode.c.objc; path = main.m; sourceTree = "<group>"; };
		74C47ACE1377E32100B58D20 /* AutosizeAppDelegate.h */ = {isa = PBXFileReference; lastKnownFileType = sourcecode.c.h; path = AutosizeAppDelegate.h; sourceTree = "<group>"; };
		74C47ACF1377E32100B58D20 /* AutosizeAppDelegate.m */ = {isa = PBXFileReference; lastKnownFileType = sourcecode.c.objc; path = AutosizeAppDelegate.m; sourceTree = "<group>"; };
		74C47AD21377E32100B58D20 /* en */ = {isa = PBXFileReference; lastKnownFileType = file.xib; name = en; path = en.lproj/MainWindow.xib; sourceTree = "<group>"; };
		74C47AD41377E32100B58D20 /* AutosizeViewController.h */ = {isa = PBXFileReference; lastKnownFileType = sourcecode.c.h; path = AutosizeViewController.h; sourceTree = "<group>"; };
		74C47AD51377E32100B58D20 /* AutosizeViewController.m */ = {isa = PBXFileReference; lastKnownFileType = sourcecode.c.objc; path = AutosizeViewController.m; sourceTree = "<group>"; };
		74C47AD81377E32100B58D20 /* en */ = {isa = PBXFileReference; lastKnownFileType = file.xib; name = en; path = en.lproj/AutosizeViewController.xib; sourceTree = "<group>"; };
/* End PBXFileReference section */

/* Begin PBXFrameworksBuildPhase section */
		74C47AB81377E32100B58D20 /* Frameworks */ = {
			isa = PBXFrameworksBuildPhase;
			buildActionMask = 2147483647;
			files = (
				74C47AC01377E32100B58D20 /* UIKit.framework in Frameworks */,
				74C47AC21377E32100B58D20 /* Foundation.framework in Frameworks */,
				74C47AC41377E32100B58D20 /* CoreGraphics.framework in Frameworks */,
			);
			runOnlyForDeploymentPostprocessing = 0;
		};
/* End PBXFrameworksBuildPhase section */

/* Begin PBXGroup section */
		74C47AB01377E32100B58D20 = {
			isa = PBXGroup;
			children = (
				74C47AC51377E32100B58D20 /* Autosize */,
				74C47ABE1377E32100B58D20 /* Frameworks */,
				74C47ABC1377E32100B58D20 /* Products */,
			);
			sourceTree = "<group>";
		};
		74C47ABC1377E32100B58D20 /* Products */ = {
			isa = PBXGroup;
			children = (
				74C47ABB1377E32100B58D20 /* Autosize.app */,
			);
			name = Products;
			sourceTree = "<group>";
		};
		74C47ABE1377E32100B58D20 /* Frameworks */ = {
			isa = PBXGroup;
			children = (
				74C47ABF1377E32100B58D20 /* UIKit.framework */,
				74C47AC11377E32100B58D20 /* Foundation.framework */,
				74C47AC31377E32100B58D20 /* CoreGraphics.framework */,
			);
			name = Frameworks;
			sourceTree = "<group>";
		};
		74C47AC51377E32100B58D20 /* Autosize */ = {
			isa = PBXGroup;
			children = (
				74C47ACE1377E32100B58D20 /* AutosizeAppDelegate.h */,
				74C47ACF1377E32100B58D20 /* AutosizeAppDelegate.m */,
				74C47AD11377E32100B58D20 /* MainWindow.xib */,
				74C47AD41377E32100B58D20 /* AutosizeViewController.h */,
				74C47AD51377E32100B58D20 /* AutosizeViewController.m */,
				74C47AD71377E32100B58D20 /* AutosizeViewController.xib */,
				74C47AC61377E32100B58D20 /* Supporting Files */,
			);
			path = Autosize;
			sourceTree = "<group>";
		};
		74C47AC61377E32100B58D20 /* Supporting Files */ = {
			isa = PBXGroup;
			children = (
				74C47AC71377E32100B58D20 /* Autosize-Info.plist */,
				74C47AC81377E32100B58D20 /* InfoPlist.strings */,
				74C47ACB1377E32100B58D20 /* Autosize-Prefix.pch */,
				74C47ACC1377E32100B58D20 /* main.m */,
			);
			name = "Supporting Files";
			sourceTree = "<group>";
		};
/* End PBXGroup section */

/* Begin PBXNativeTarget section */
		74C47ABA1377E32100B58D20 /* Autosize */ = {
			isa = PBXNativeTarget;
			buildConfigurationList = 74C47ADC1377E32100B58D20 /* Build configuration list for PBXNativeTarget "Autosize" */;
			buildPhases = (
				74C47AB71377E32100B58D20 /* Sources */,
				74C47AB81377E32100B58D20 /* Frameworks */,
				74C47AB91377E32100B58D20 /* Resources */,
			);
			buildRules = (
			);
			dependencies = (
			);
			name = Autosize;
			productName = Autosize;
			productReference = 74C47ABB1377E32100B58D20 /* Autosize.app */;
			productType = "com.apple.product-type.application";
		};
/* End PBXNativeTarget section */

/* Begin PBXProject section */
		74C47AB21377E32100B58D20 /* Project object */ = {
			isa = PBXProject;
			buildConfigurationList = 74C47AB51377E32100B58D20 /* Build configuration list for PBXProject "Autosize" */;
			compatibilityVersion = "Xcode 3.2";
			developmentRegion = English;
			hasScannedForEncodings = 0;
			knownRegions = (
				en,
			);
			mainGroup = 74C47AB01377E32100B58D20;
			productRefGroup = 74C47ABC1377E32100B58D20 /* Products */;
			projectDirPath = "";
			projectRoot = "";
			targets = (
				74C47ABA1377E32100B58D20 /* Autosize */,
			);
		};
/* End PBXProject section */

/* Begin PBXResourcesBuildPhase section */
		74C47AB91377E32100B58D20 /* Resources */ = {
			isa = PBXResourcesBuildPhase;
			buildActionMask = 2147483647;
			files = (
				74C47ACA1377E32100B58D20 /* InfoPlist.strings in Resources */,
				74C47AD31377E32100B58D20 /* MainWindow.xib in Resources */,
				74C47AD91377E32100B58D20 /* AutosizeViewController.xib in Resources */,
			);
			runOnlyForDeploymentPostprocessing = 0;
		};
/* End PBXResourcesBuildPhase section */

/* Begin PBXSourcesBuildPhase section */
		74C47AB71377E32100B58D20 /* Sources */ = {
			isa = PBXSourcesBuildPhase;
			buildActionMask = 2147483647;
			files = (
				74C47ACD1377E32100B58D20 /* main.m in Sources */,
				74C47AD01377E32100B58D20 /* AutosizeAppDelegate.m in Sources */,
				74C47AD61377E32100B58D20 /* AutosizeViewController.m in Sources */,
			);
			runOnlyForDeploymentPostprocessing = 0;
		};
/* End PBXSourcesBuildPhase section */

/* Begin PBXVariantGroup section */
		74C47AC81377E32100B58D20 /* InfoPlist.strings */ = {
			isa = PBXVariantGroup;
			children = (
				74C47AC91377E32100B58D20 /* en */,
			);
			name = InfoPlist.strings;
			sourceTree = "<group>";
		};
		74C47AD11377E32100B58D20 /* MainWindow.xib */ = {
			isa = PBXVariantGroup;
			children = (
				74C47AD21377E32100B58D20 /* en */,
			);
			name = MainWindow.xib;
			sourceTree = "<group>";
		};
		74C47AD71377E32100B58D20 /* AutosizeViewController.xib */ = {
			isa = PBXVariantGroup;
			children = (
				74C47AD81377E32100B58D20 /* en */,
			);
			name = AutosizeViewController.xib;
			sourceTree = "<group>";
		};
/* End PBXVariantGroup section */

/* Begin XCBuildConfiguration section */
		74C47ADA1377E32100B58D20 /* Debug */ = {
			isa = XCBuildConfiguration;
			buildSettings = {
				ARCHS = "$(ARCHS_STANDARD_32_BIT)";
				"CODE_SIGN_IDENTITY[sdk=iphoneos*]" = "iPhone Developer";
				GCC_C_LANGUAGE_STANDARD = gnu99;
				GCC_OPTIMIZATION_LEVEL = 0;
				GCC_PREPROCESSOR_DEFINITIONS = DEBUG;
				GCC_SYMBOLS_PRIVATE_EXTERN = NO;
				GCC_VERSION = com.apple.compilers.llvmgcc42;
				GCC_WARN_ABOUT_RETURN_TYPE = YES;
				GCC_WARN_UNUSED_VARIABLE = YES;
				IPHONEOS_DEPLOYMENT_TARGET = 4.3;
				SDKROOT = iphoneos;
			};
			name = Debug;
		};
		74C47ADB1377E32100B58D20 /* Release */ = {
			isa = XCBuildConfiguration;
			buildSettings = {
				ARCHS = "$(ARCHS_STANDARD_32_BIT)";
				"CODE_SIGN_IDENTITY[sdk=iphoneos*]" = "iPhone Developer";
				GCC_C_LANGUAGE_STANDARD = gnu99;
				GCC_VERSION = com.apple.compilers.llvmgcc42;
				GCC_WARN_ABOUT_RETURN_TYPE = YES;
				GCC_WARN_UNUSED_VARIABLE = YES;
				IPHONEOS_DEPLOYMENT_TARGET = 4.3;
				OTHER_CFLAGS = "-DNS_BLOCK_ASSERTIONS=1";
				SDKROOT = iphoneos;
			};
			name = Release;
		};
		74C47ADD1377E32100B58D20 /* Debug */ = {
			isa = XCBuildConfiguration;
			buildSettings = {
				ALWAYS_SEARCH_USER_PATHS = NO;
				COPY_PHASE_STRIP = NO;
				GCC_DYNAMIC_NO_PIC = NO;
				GCC_PRECOMPILE_PREFIX_HEADER = YES;
				GCC_PREFIX_HEADER = "Autosize/Autosize-Prefix.pch";
				INFOPLIST_FILE = "Autosize/Autosize-Info.plist";
				PRODUCT_NAME = "$(TARGET_NAME)";
				WRAPPER_EXTENSION = app;
			};
			name = Debug;
		};
		74C47ADE1377E32100B58D20 /* Release */ = {
			isa = XCBuildConfiguration;
			buildSettings = {
				ALWAYS_SEARCH_USER_PATHS = NO;
				COPY_PHASE_STRIP = YES;
				GCC_PRECOMPILE_PREFIX_HEADER = YES;
				GCC_PREFIX_HEADER = "Autosize/Autosize-Prefix.pch";
				INFOPLIST_FILE = "Autosize/Autosize-Info.plist";
				PRODUCT_NAME = "$(TARGET_NAME)";
				VALIDATE_PRODUCT = YES;
				WRAPPER_EXTENSION = app;
			};
			name = Release;
		};
/* End XCBuildConfiguration section */

/* Begin XCConfigurationList section */
		74C47AB51377E32100B58D20 /* Build configuration list for PBXProject "Autosize" */ = {
			isa = XCConfigurationList;
			buildConfigurations = (
				74C47ADA1377E32100B58D20 /* Debug */,
				74C47ADB1377E32100B58D20 /* Release */,
			);
			defaultConfigurationIsVisible = 0;
			defaultConfigurationName = Release;
		};
		74C47ADC1377E32100B58D20 /* Build configuration list for PBXNativeTarget "Autosize" */ = {
			isa = XCConfigurationList;
			buildConfigurations = (
				74C47ADD1377E32100B58D20 /* Debug */,
				74C47ADE1377E32100B58D20 /* Release */,
			);
			defaultConfigurationIsVisible = 0;
		};
/* End XCConfigurationList section */
	};
	rootObject = 74C47AB21377E32100B58D20 /* Project object */;
}
