// !$*UTF8*$!
{
	archiveVersion = 1;
	classes = {
	};
	objectVersion = 46;
	objects = {

/* Begin PBXBuildFile section */
		7494D143137CF63A0086DC57 /* UIKit.framework in Frameworks */ = {isa = PBXBuildFile; fileRef = 7494D142137CF63A0086DC57 /* UIKit.framework */; };
		7494D145137CF63A0086DC57 /* Foundation.framework in Frameworks */ = {isa = PBXBuildFile; fileRef = 7494D144137CF63A0086DC57 /* Foundation.framework */; };
		7494D147137CF63A0086DC57 /* CoreGraphics.framework in Frameworks */ = {isa = PBXBuildFile; fileRef = 7494D146137CF63A0086DC57 /* CoreGraphics.framework */; };
		7494D14D137CF63A0086DC57 /* InfoPlist.strings in Resources */ = {isa = PBXBuildFile; fileRef = 7494D14B137CF63A0086DC57 /* InfoPlist.strings */; };
		7494D150137CF63A0086DC57 /* main.m in Sources */ = {isa = PBXBuildFile; fileRef = 7494D14F137CF63A0086DC57 /* main.m */; };
		7494D156137CF63A0086DC57 /* MainWindow.xib in Resources */ = {isa = PBXBuildFile; fileRef = 7494D154137CF63A0086DC57 /* MainWindow.xib */; };
		7494D159137CF63A0086DC57 /* LocalizeMeViewController.m in Sources */ = {isa = PBXBuildFile; fileRef = 7494D158137CF63A0086DC57 /* LocalizeMeViewController.m */; };
		7494D15C137CF63A0086DC57 /* LocalizeMeViewController.xib in Resources */ = {isa = PBXBuildFile; fileRef = 7494D15A137CF63A0086DC57 /* LocalizeMeViewController.xib */; };
		7494D183137D13BC0086DC57 /* flag.png in Resources */ = {isa = PBXBuildFile; fileRef = 7494D181137D13BB0086DC57 /* flag.png */; };
		7494D1D2137D29FA0086DC57 /* Localizable.strings in Resources */ = {isa = PBXBuildFile; fileRef = 7494D1D0137D29FA0086DC57 /* Localizable.strings */; };
		7494D1D5137D2A8B0086DC57 /* LocalizeMeAppDelegate.m in Sources */ = {isa = PBXBuildFile; fileRef = 7494D1D4137D2A8B0086DC57 /* LocalizeMeAppDelegate.m */; };
		74E578D013CBDBFF00D8FE0C /* icon.png in Resources */ = {isa = PBXBuildFile; fileRef = 74E578CF13CBDBFF00D8FE0C /* icon.png */; };
/* End PBXBuildFile section */

/* Begin PBXFileReference section */
		7494D13E137CF63A0086DC57 /* LocalizeMe.app */ = {isa = PBXFileReference; explicitFileType = wrapper.application; includeInIndex = 0; path = LocalizeMe.app; sourceTree = BUILT_PRODUCTS_DIR; };
		7494D142137CF63A0086DC57 /* UIKit.framework */ = {isa = PBXFileReference; lastKnownFileType = wrapper.framework; name = UIKit.framework; path = System/Library/Frameworks/UIKit.framework; sourceTree = SDKROOT; };
		7494D144137CF63A0086DC57 /* Foundation.framework */ = {isa = PBXFileReference; lastKnownFileType = wrapper.framework; name = Foundation.framework; path = System/Library/Frameworks/Foundation.framework; sourceTree = SDKROOT; };
		7494D146137CF63A0086DC57 /* CoreGraphics.framework */ = {isa = PBXFileReference; lastKnownFileType = wrapper.framework; name = CoreGraphics.framework; path = System/Library/Frameworks/CoreGraphics.framework; sourceTree = SDKROOT; };
		7494D14A137CF63A0086DC57 /* LocalizeMe-Info.plist */ = {isa = PBXFileReference; lastKnownFileType = text.plist.xml; path = "LocalizeMe-Info.plist"; sourceTree = "<group>"; };
		7494D14C137CF63A0086DC57 /* en */ = {isa = PBXFileReference; lastKnownFileType = text.plist.strings; name = en; path = en.lproj/InfoPlist.strings; sourceTree = "<group>"; };
		7494D14E137CF63A0086DC57 /* LocalizeMe-Prefix.pch */ = {isa = PBXFileReference; lastKnownFileType = sourcecode.c.h; path = "LocalizeMe-Prefix.pch"; sourceTree = "<group>"; };
		7494D14F137CF63A0086DC57 /* main.m */ = {isa = PBXFileReference; lastKnownFileType = sourcecode.c.objc; path = main.m; sourceTree = "<group>"; };
		7494D151137CF63A0086DC57 /* LocalizeMeAppDelegate.h */ = {isa = PBXFileReference; lastKnownFileType = sourcecode.c.h; path = LocalizeMeAppDelegate.h; sourceTree = "<group>"; };
		7494D155137CF63A0086DC57 /* en */ = {isa = PBXFileReference; lastKnownFileType = file.xib; name = en; path = en.lproj/MainWindow.xib; sourceTree = "<group>"; };
		7494D157137CF63A0086DC57 /* LocalizeMeViewController.h */ = {isa = PBXFileReference; lastKnownFileType = sourcecode.c.h; path = LocalizeMeViewController.h; sourceTree = "<group>"; };
		7494D158137CF63A0086DC57 /* LocalizeMeViewController.m */ = {isa = PBXFileReference; lastKnownFileType = sourcecode.c.objc; path = LocalizeMeViewController.m; sourceTree = "<group>"; };
		7494D15B137CF63A0086DC57 /* en */ = {isa = PBXFileReference; lastKnownFileType = file.xib; name = en; path = en.lproj/LocalizeMeViewController.xib; sourceTree = "<group>"; };
		7494D17C137D0FDF0086DC57 /* fr */ = {isa = PBXFileReference; lastKnownFileType = file.xib; name = fr; path = fr.lproj/LocalizeMeViewController.xib; sourceTree = "<group>"; };
		7494D184137D13C10086DC57 /* fr */ = {isa = PBXFileReference; lastKnownFileType = image.png; name = fr; path = fr.lproj/flag.png; sourceTree = "<group>"; };
		7494D1CD137D28580086DC57 /* fr */ = {isa = PBXFileReference; lastKnownFileType = text.plist.strings; name = fr; path = fr.lproj/InfoPlist.strings; sourceTree = "<group>"; };
		7494D1D1137D29FA0086DC57 /* en */ = {isa = PBXFileReference; lastKnownFileType = text.plist.strings; name = en; path = en.lproj/Localizable.strings; sourceTree = "<group>"; };
		7494D1D3137D2A010086DC57 /* fr */ = {isa = PBXFileReference; lastKnownFileType = text.plist.strings; name = fr; path = fr.lproj/Localizable.strings; sourceTree = "<group>"; };
		7494D1D4137D2A8B0086DC57 /* LocalizeMeAppDelegate.m */ = {isa = PBXFileReference; fileEncoding = 4; lastKnownFileType = sourcecode.c.objc; path = LocalizeMeAppDelegate.m; sourceTree = "<group>"; };
		74E578CF13CBDBFF00D8FE0C /* icon.png */ = {isa = PBXFileReference; lastKnownFileType = image.png; path = icon.png; sourceTree = "<group>"; };
		74E578D113CBDC0600D8FE0C /* en */ = {isa = PBXFileReference; lastKnownFileType = image.png; name = en; path = en.lproj/flag.png; sourceTree = "<group>"; };
/* End PBXFileReference section */

/* Begin PBXFrameworksBuildPhase section */
		7494D13B137CF63A0086DC57 /* Frameworks */ = {
			isa = PBXFrameworksBuildPhase;
			buildActionMask = 2147483647;
			files = (
				7494D143137CF63A0086DC57 /* UIKit.framework in Frameworks */,
				7494D145137CF63A0086DC57 /* Foundation.framework in Frameworks */,
				7494D147137CF63A0086DC57 /* CoreGraphics.framework in Frameworks */,
			);
			runOnlyForDeploymentPostprocessing = 0;
		};
/* End PBXFrameworksBuildPhase section */

/* Begin PBXGroup section */
		7494D133137CF63A0086DC57 = {
			isa = PBXGroup;
			children = (
				7494D148137CF63A0086DC57 /* LocalizeMe */,
				7494D141137CF63A0086DC57 /* Frameworks */,
				7494D13F137CF63A0086DC57 /* Products */,
			);
			sourceTree = "<group>";
		};
		7494D13F137CF63A0086DC57 /* Products */ = {
			isa = PBXGroup;
			children = (
				7494D13E137CF63A0086DC57 /* LocalizeMe.app */,
			);
			name = Products;
			sourceTree = "<group>";
		};
		7494D141137CF63A0086DC57 /* Frameworks */ = {
			isa = PBXGroup;
			children = (
				7494D142137CF63A0086DC57 /* UIKit.framework */,
				7494D144137CF63A0086DC57 /* Foundation.framework */,
				7494D146137CF63A0086DC57 /* CoreGraphics.framework */,
			);
			name = Frameworks;
			sourceTree = "<group>";
		};
		7494D148137CF63A0086DC57 /* LocalizeMe */ = {
			isa = PBXGroup;
			children = (
				7494D1D4137D2A8B0086DC57 /* LocalizeMeAppDelegate.m */,
				7494D151137CF63A0086DC57 /* LocalizeMeAppDelegate.h */,
				7494D154137CF63A0086DC57 /* MainWindow.xib */,
				7494D157137CF63A0086DC57 /* LocalizeMeViewController.h */,
				7494D158137CF63A0086DC57 /* LocalizeMeViewController.m */,
				7494D15A137CF63A0086DC57 /* LocalizeMeViewController.xib */,
				7494D149137CF63A0086DC57 /* Supporting Files */,
			);
			path = LocalizeMe;
			sourceTree = "<group>";
		};
		7494D149137CF63A0086DC57 /* Supporting Files */ = {
			isa = PBXGroup;
			children = (
				74E578CF13CBDBFF00D8FE0C /* icon.png */,
				7494D1D0137D29FA0086DC57 /* Localizable.strings */,
				7494D181137D13BB0086DC57 /* flag.png */,
				7494D14B137CF63A0086DC57 /* InfoPlist.strings */,
				7494D14A137CF63A0086DC57 /* LocalizeMe-Info.plist */,
				7494D14E137CF63A0086DC57 /* LocalizeMe-Prefix.pch */,
				7494D14F137CF63A0086DC57 /* main.m */,
			);
			name = "Supporting Files";
			sourceTree = "<group>";
		};
/* End PBXGroup section */

/* Begin PBXNativeTarget section */
		7494D13D137CF63A0086DC57 /* LocalizeMe */ = {
			isa = PBXNativeTarget;
			buildConfigurationList = 7494D15F137CF63A0086DC57 /* Build configuration list for PBXNativeTarget "LocalizeMe" */;
			buildPhases = (
				7494D13A137CF63A0086DC57 /* Sources */,
				7494D13B137CF63A0086DC57 /* Frameworks */,
				7494D13C137CF63A0086DC57 /* Resources */,
			);
			buildRules = (
			);
			dependencies = (
			);
			name = LocalizeMe;
			productName = LocalizeMe;
			productReference = 7494D13E137CF63A0086DC57 /* LocalizeMe.app */;
			productType = "com.apple.product-type.application";
		};
/* End PBXNativeTarget section */

/* Begin PBXProject section */
		7494D135137CF63A0086DC57 /* Project object */ = {
			isa = PBXProject;
			buildConfigurationList = 7494D138137CF63A0086DC57 /* Build configuration list for PBXProject "LocalizeMe" */;
			compatibilityVersion = "Xcode 3.2";
			developmentRegion = English;
			hasScannedForEncodings = 0;
			knownRegions = (
				en,
				fr,
				"fr-FR",
			);
			mainGroup = 7494D133137CF63A0086DC57;
			productRefGroup = 7494D13F137CF63A0086DC57 /* Products */;
			projectDirPath = "";
			projectRoot = "";
			targets = (
				7494D13D137CF63A0086DC57 /* LocalizeMe */,
			);
		};
/* End PBXProject section */

/* Begin PBXResourcesBuildPhase section */
		7494D13C137CF63A0086DC57 /* Resources */ = {
			isa = PBXResourcesBuildPhase;
			buildActionMask = 2147483647;
			files = (
				7494D14D137CF63A0086DC57 /* InfoPlist.strings in Resources */,
				7494D156137CF63A0086DC57 /* MainWindow.xib in Resources */,
				7494D15C137CF63A0086DC57 /* LocalizeMeViewController.xib in Resources */,
				7494D183137D13BC0086DC57 /* flag.png in Resources */,
				7494D1D2137D29FA0086DC57 /* Localizable.strings in Resources */,
				74E578D013CBDBFF00D8FE0C /* icon.png in Resources */,
			);
			runOnlyForDeploymentPostprocessing = 0;
		};
/* End PBXResourcesBuildPhase section */

/* Begin PBXSourcesBuildPhase section */
		7494D13A137CF63A0086DC57 /* Sources */ = {
			isa = PBXSourcesBuildPhase;
			buildActionMask = 2147483647;
			files = (
				7494D150137CF63A0086DC57 /* main.m in Sources */,
				7494D159137CF63A0086DC57 /* LocalizeMeViewController.m in Sources */,
				7494D1D5137D2A8B0086DC57 /* LocalizeMeAppDelegate.m in Sources */,
			);
			runOnlyForDeploymentPostprocessing = 0;
		};
/* End PBXSourcesBuildPhase section */

/* Begin PBXVariantGroup section */
		7494D14B137CF63A0086DC57 /* InfoPlist.strings */ = {
			isa = PBXVariantGroup;
			children = (
				7494D14C137CF63A0086DC57 /* en */,
				7494D1CD137D28580086DC57 /* fr */,
			);
			name = InfoPlist.strings;
			sourceTree = "<group>";
		};
		7494D154137CF63A0086DC57 /* MainWindow.xib */ = {
			isa = PBXVariantGroup;
			children = (
				7494D155137CF63A0086DC57 /* en */,
			);
			name = MainWindow.xib;
			sourceTree = "<group>";
		};
		7494D15A137CF63A0086DC57 /* LocalizeMeViewController.xib */ = {
			isa = PBXVariantGroup;
			children = (
				7494D15B137CF63A0086DC57 /* en */,
				7494D17C137D0FDF0086DC57 /* fr */,
			);
			name = LocalizeMeViewController.xib;
			sourceTree = "<group>";
		};
		7494D181137D13BB0086DC57 /* flag.png */ = {
			isa = PBXVariantGroup;
			children = (
				7494D184137D13C10086DC57 /* fr */,
				74E578D113CBDC0600D8FE0C /* en */,
			);
			name = flag.png;
			sourceTree = "<group>";
		};
		7494D1D0137D29FA0086DC57 /* Localizable.strings */ = {
			isa = PBXVariantGroup;
			children = (
				7494D1D1137D29FA0086DC57 /* en */,
				7494D1D3137D2A010086DC57 /* fr */,
			);
			name = Localizable.strings;
			sourceTree = "<group>";
		};
/* End PBXVariantGroup section */

/* Begin XCBuildConfiguration section */
		7494D15D137CF63A0086DC57 /* Debug */ = {
			isa = XCBuildConfiguration;
			buildSettings = {
				ARCHS = "$(ARCHS_STANDARD_32_BIT)";
				"CODE_SIGN_IDENTITY[sdk=iphoneos*]" = "iPhone Developer";
				GCC_C_LANGUAGE_STANDARD = gnu99;
				GCC_OPTIMIZATION_LEVEL = 0;
				GCC_PREPROCESSOR_DEFINITIONS = DEBUG;
				GCC_SYMBOLS_PRIVATE_EXTERN = NO;
				GCC_VERSION = com.apple.compilers.llvmgcc42;
				GCC_WARN_ABOUT_RETURN_TYPE = YES;
				GCC_WARN_UNUSED_VARIABLE = YES;
				IPHONEOS_DEPLOYMENT_TARGET = 4.3;
				SDKROOT = iphoneos;
			};
			name = Debug;
		};
		7494D15E137CF63A0086DC57 /* Release */ = {
			isa = XCBuildConfiguration;
			buildSettings = {
				ARCHS = "$(ARCHS_STANDARD_32_BIT)";
				"CODE_SIGN_IDENTITY[sdk=iphoneos*]" = "iPhone Developer";
				GCC_C_LANGUAGE_STANDARD = gnu99;
				GCC_VERSION = com.apple.compilers.llvmgcc42;
				GCC_WARN_ABOUT_RETURN_TYPE = YES;
				GCC_WARN_UNUSED_VARIABLE = YES;
				IPHONEOS_DEPLOYMENT_TARGET = 4.3;
				OTHER_CFLAGS = "-DNS_BLOCK_ASSERTIONS=1";
				SDKROOT = iphoneos;
			};
			name = Release;
		};
		7494D160137CF63A0086DC57 /* Debug */ = {
			isa = XCBuildConfiguration;
			buildSettings = {
				ALWAYS_SEARCH_USER_PATHS = NO;
				COPY_PHASE_STRIP = NO;
				GCC_DYNAMIC_NO_PIC = NO;
				GCC_PRECOMPILE_PREFIX_HEADER = YES;
				GCC_PREFIX_HEADER = "LocalizeMe/LocalizeMe-Prefix.pch";
				INFOPLIST_FILE = "LocalizeMe/LocalizeMe-Info.plist";
				PRODUCT_NAME = "$(TARGET_NAME)";
				WRAPPER_EXTENSION = app;
			};
			name = Debug;
		};
		7494D161137CF63A0086DC57 /* Release */ = {
			isa = XCBuildConfiguration;
			buildSettings = {
				ALWAYS_SEARCH_USER_PATHS = NO;
				COPY_PHASE_STRIP = YES;
				GCC_PRECOMPILE_PREFIX_HEADER = YES;
				GCC_PREFIX_HEADER = "LocalizeMe/LocalizeMe-Prefix.pch";
				INFOPLIST_FILE = "LocalizeMe/LocalizeMe-Info.plist";
				PRODUCT_NAME = "$(TARGET_NAME)";
				VALIDATE_PRODUCT = YES;
				WRAPPER_EXTENSION = app;
			};
			name = Release;
		};
/* End XCBuildConfiguration section */

/* Begin XCConfigurationList section */
		7494D138137CF63A0086DC57 /* Build configuration list for PBXProject "LocalizeMe" */ = {
			isa = XCConfigurationList;
			buildConfigurations = (
				7494D15D137CF63A0086DC57 /* Debug */,
				7494D15E137CF63A0086DC57 /* Release */,
			);
			defaultConfigurationIsVisible = 0;
			defaultConfigurationName = Release;
		};
		7494D15F137CF63A0086DC57 /* Build configuration list for PBXNativeTarget "LocalizeMe" */ = {
			isa = XCConfigurationList;
			buildConfigurations = (
				7494D160137CF63A0086DC57 /* Debug */,
				7494D161137CF63A0086DC57 /* Release */,
			);
			defaultConfigurationIsVisible = 0;
			defaultConfigurationName = Release;
		};
/* End XCConfigurationList section */
	};
	rootObject = 7494D135137CF63A0086DC57 /* Project object */;
}
