// !$*UTF8*$!
{
	archiveVersion = 1;
	classes = {
	};
	objectVersion = 46;
	objects = {

/* Begin PBXBuildFile section */
		74C47AEF1377E80300B58D20 /* UIKit.framework in Frameworks */ = {isa = PBXBuildFile; fileRef = 74C47AEE1377E80300B58D20 /* UIKit.framework */; };
		74C47AF11377E80300B58D20 /* Foundation.framework in Frameworks */ = {isa = PBXBuildFile; fileRef = 74C47AF01377E80300B58D20 /* Foundation.framework */; };
		74C47AF31377E80300B58D20 /* CoreGraphics.framework in Frameworks */ = {isa = PBXBuildFile; fileRef = 74C47AF21377E80300B58D20 /* CoreGraphics.framework */; };
		74C47AF91377E80300B58D20 /* InfoPlist.strings in Resources */ = {isa = PBXBuildFile; fileRef = 74C47AF71377E80300B58D20 /* InfoPlist.strings */; };
		74C47AFC1377E80300B58D20 /* main.m in Sources */ = {isa = PBXBuildFile; fileRef = 74C47AFB1377E80300B58D20 /* main.m */; };
		74C47AFF1377E80300B58D20 /* SwapAppDelegate.m in Sources */ = {isa = PBXBuildFile; fileRef = 74C47AFE1377E80300B58D20 /* SwapAppDelegate.m */; };
		74C47B021377E80300B58D20 /* MainWindow.xib in Resources */ = {isa = PBXBuildFile; fileRef = 74C47B001377E80300B58D20 /* MainWindow.xib */; };
		74C47B051377E80300B58D20 /* SwapViewController.m in Sources */ = {isa = PBXBuildFile; fileRef = 74C47B041377E80300B58D20 /* SwapViewController.m */; };
		74C47B081377E80300B58D20 /* SwapViewController.xib in Resources */ = {isa = PBXBuildFile; fileRef = 74C47B061377E80300B58D20 /* SwapViewController.xib */; };
/* End PBXBuildFile section */

/* Begin PBXFileReference section */
		74C47AEA1377E80300B58D20 /* Swap.app */ = {isa = PBXFileReference; explicitFileType = wrapper.application; includeInIndex = 0; path = Swap.app; sourceTree = BUILT_PRODUCTS_DIR; };
		74C47AEE1377E80300B58D20 /* UIKit.framework */ = {isa = PBXFileReference; lastKnownFileType = wrapper.framework; name = UIKit.framework; path = System/Library/Frameworks/UIKit.framework; sourceTree = SDKROOT; };
		74C47AF01377E80300B58D20 /* Foundation.framework */ = {isa = PBXFileReference; lastKnownFileType = wrapper.framework; name = Foundation.framework; path = System/Library/Frameworks/Foundation.framework; sourceTree = SDKROOT; };
		74C47AF21377E80300B58D20 /* CoreGraphics.framework */ = {isa = PBXFileReference; lastKnownFileType = wrapper.framework; name = CoreGraphics.framework; path = System/Library/Frameworks/CoreGraphics.framework; sourceTree = SDKROOT; };
		74C47AF61377E80300B58D20 /* Swap-Info.plist */ = {isa = PBXFileReference; lastKnownFileType = text.plist.xml; path = "Swap-Info.plist"; sourceTree = "<group>"; };
		74C47AF81377E80300B58D20 /* en */ = {isa = PBXFileReference; lastKnownFileType = text.plist.strings; name = en; path = en.lproj/InfoPlist.strings; sourceTree = "<group>"; };
		74C47AFA1377E80300B58D20 /* Swap-Prefix.pch */ = {isa = PBXFileReference; lastKnownFileType = sourcecode.c.h; path = "Swap-Prefix.pch"; sourceTree = "<group>"; };
		74C47AFB1377E80300B58D20 /* main.m */ = {isa = PBXFileReference; lastKnownFileType = sourcecode.c.objc; path = main.m; sourceTree = "<group>"; };
		74C47AFD1377E80300B58D20 /* SwapAppDelegate.h */ = {isa = PBXFileReference; lastKnownFileType = sourcecode.c.h; path = SwapAppDelegate.h; sourceTree = "<group>"; };
		74C47AFE1377E80300B58D20 /* SwapAppDelegate.m */ = {isa = PBXFileReference; lastKnownFileType = sourcecode.c.objc; path = SwapAppDelegate.m; sourceTree = "<group>"; };
		74C47B011377E80300B58D20 /* en */ = {isa = PBXFileReference; lastKnownFileType = file.xib; name = en; path = en.lproj/MainWindow.xib; sourceTree = "<group>"; };
		74C47B031377E80300B58D20 /* SwapViewController.h */ = {isa = PBXFileReference; lastKnownFileType = sourcecode.c.h; path = SwapViewController.h; sourceTree = "<group>"; };
		74C47B041377E80300B58D20 /* SwapViewController.m */ = {isa = PBXFileReference; lastKnownFileType = sourcecode.c.objc; path = SwapViewController.m; sourceTree = "<group>"; };
		74C47B071377E80300B58D20 /* en */ = {isa = PBXFileReference; lastKnownFileType = file.xib; name = en; path = en.lproj/SwapViewController.xib; sourceTree = "<group>"; };
/* End PBXFileReference section */

/* Begin PBXFrameworksBuildPhase section */
		74C47AE71377E80300B58D20 /* Frameworks */ = {
			isa = PBXFrameworksBuildPhase;
			buildActionMask = 2147483647;
			files = (
				74C47AEF1377E80300B58D20 /* UIKit.framework in Frameworks */,
				74C47AF11377E80300B58D20 /* Foundation.framework in Frameworks */,
				74C47AF31377E80300B58D20 /* CoreGraphics.framework in Frameworks */,
			);
			runOnlyForDeploymentPostprocessing = 0;
		};
/* End PBXFrameworksBuildPhase section */

/* Begin PBXGroup section */
		74C47ADF1377E80300B58D20 = {
			isa = PBXGroup;
			children = (
				74C47AF41377E80300B58D20 /* Swap */,
				74C47AED1377E80300B58D20 /* Frameworks */,
				74C47AEB1377E80300B58D20 /* Products */,
			);
			sourceTree = "<group>";
		};
		74C47AEB1377E80300B58D20 /* Products */ = {
			isa = PBXGroup;
			children = (
				74C47AEA1377E80300B58D20 /* Swap.app */,
			);
			name = Products;
			sourceTree = "<group>";
		};
		74C47AED1377E80300B58D20 /* Frameworks */ = {
			isa = PBXGroup;
			children = (
				74C47AEE1377E80300B58D20 /* UIKit.framework */,
				74C47AF01377E80300B58D20 /* Foundation.framework */,
				74C47AF21377E80300B58D20 /* CoreGraphics.framework */,
			);
			name = Frameworks;
			sourceTree = "<group>";
		};
		74C47AF41377E80300B58D20 /* Swap */ = {
			isa = PBXGroup;
			children = (
				74C47AFD1377E80300B58D20 /* SwapAppDelegate.h */,
				74C47AFE1377E80300B58D20 /* SwapAppDelegate.m */,
				74C47B001377E80300B58D20 /* MainWindow.xib */,
				74C47B031377E80300B58D20 /* SwapViewController.h */,
				74C47B041377E80300B58D20 /* SwapViewController.m */,
				74C47B061377E80300B58D20 /* SwapViewController.xib */,
				74C47AF51377E80300B58D20 /* Supporting Files */,
			);
			path = Swap;
			sourceTree = "<group>";
		};
		74C47AF51377E80300B58D20 /* Supporting Files */ = {
			isa = PBXGroup;
			children = (
				74C47AF61377E80300B58D20 /* Swap-Info.plist */,
				74C47AF71377E80300B58D20 /* InfoPlist.strings */,
				74C47AFA1377E80300B58D20 /* Swap-Prefix.pch */,
				74C47AFB1377E80300B58D20 /* main.m */,
			);
			name = "Supporting Files";
			sourceTree = "<group>";
		};
/* End PBXGroup section */

/* Begin PBXNativeTarget section */
		74C47AE91377E80300B58D20 /* Swap */ = {
			isa = PBXNativeTarget;
			buildConfigurationList = 74C47B0B1377E80300B58D20 /* Build configuration list for PBXNativeTarget "Swap" */;
			buildPhases = (
				74C47AE61377E80300B58D20 /* Sources */,
				74C47AE71377E80300B58D20 /* Frameworks */,
				74C47AE81377E80300B58D20 /* Resources */,
			);
			buildRules = (
			);
			dependencies = (
			);
			name = Swap;
			productName = Swap;
			productReference = 74C47AEA1377E80300B58D20 /* Swap.app */;
			productType = "com.apple.product-type.application";
		};
/* End PBXNativeTarget section */

/* Begin PBXProject section */
		74C47AE11377E80300B58D20 /* Project object */ = {
			isa = PBXProject;
			buildConfigurationList = 74C47AE41377E80300B58D20 /* Build configuration list for PBXProject "Swap" */;
			compatibilityVersion = "Xcode 3.2";
			developmentRegion = English;
			hasScannedForEncodings = 0;
			knownRegions = (
				en,
			);
			mainGroup = 74C47ADF1377E80300B58D20;
			productRefGroup = 74C47AEB1377E80300B58D20 /* Products */;
			projectDirPath = "";
			projectRoot = "";
			targets = (
				74C47AE91377E80300B58D20 /* Swap */,
			);
		};
/* End PBXProject section */

/* Begin PBXResourcesBuildPhase section */
		74C47AE81377E80300B58D20 /* Resources */ = {
			isa = PBXResourcesBuildPhase;
			buildActionMask = 2147483647;
			files = (
				74C47AF91377E80300B58D20 /* InfoPlist.strings in Resources */,
				74C47B021377E80300B58D20 /* MainWindow.xib in Resources */,
				74C47B081377E80300B58D20 /* SwapViewController.xib in Resources */,
			);
			runOnlyForDeploymentPostprocessing = 0;
		};
/* End PBXResourcesBuildPhase section */

/* Begin PBXSourcesBuildPhase section */
		74C47AE61377E80300B58D20 /* Sources */ = {
			isa = PBXSourcesBuildPhase;
			buildActionMask = 2147483647;
			files = (
				74C47AFC1377E80300B58D20 /* main.m in Sources */,
				74C47AFF1377E80300B58D20 /* SwapAppDelegate.m in Sources */,
				74C47B051377E80300B58D20 /* SwapViewController.m in Sources */,
			);
			runOnlyForDeploymentPostprocessing = 0;
		};
/* End PBXSourcesBuildPhase section */

/* Begin PBXVariantGroup section */
		74C47AF71377E80300B58D20 /* InfoPlist.strings */ = {
			isa = PBXVariantGroup;
			children = (
				74C47AF81377E80300B58D20 /* en */,
			);
			name = InfoPlist.strings;
			sourceTree = "<group>";
		};
		74C47B001377E80300B58D20 /* MainWindow.xib */ = {
			isa = PBXVariantGroup;
			children = (
				74C47B011377E80300B58D20 /* en */,
			);
			name = MainWindow.xib;
			sourceTree = "<group>";
		};
		74C47B061377E80300B58D20 /* SwapViewController.xib */ = {
			isa = PBXVariantGroup;
			children = (
				74C47B071377E80300B58D20 /* en */,
			);
			name = SwapViewController.xib;
			sourceTree = "<group>";
		};
/* End PBXVariantGroup section */

/* Begin XCBuildConfiguration section */
		74C47B091377E80300B58D20 /* Debug */ = {
			isa = XCBuildConfiguration;
			buildSettings = {
				ARCHS = "$(ARCHS_STANDARD_32_BIT)";
				"CODE_SIGN_IDENTITY[sdk=iphoneos*]" = "iPhone Developer";
				GCC_C_LANGUAGE_STANDARD = gnu99;
				GCC_OPTIMIZATION_LEVEL = 0;
				GCC_PREPROCESSOR_DEFINITIONS = DEBUG;
				GCC_SYMBOLS_PRIVATE_EXTERN = NO;
				GCC_VERSION = com.apple.compilers.llvmgcc42;
				GCC_WARN_ABOUT_RETURN_TYPE = YES;
				GCC_WARN_UNUSED_VARIABLE = YES;
				IPHONEOS_DEPLOYMENT_TARGET = 4.3;
				SDKROOT = iphoneos;
			};
			name = Debug;
		};
		74C47B0A1377E80300B58D20 /* Release */ = {
			isa = XCBuildConfiguration;
			buildSettings = {
				ARCHS = "$(ARCHS_STANDARD_32_BIT)";
				"CODE_SIGN_IDENTITY[sdk=iphoneos*]" = "iPhone Developer";
				GCC_C_LANGUAGE_STANDARD = gnu99;
				GCC_VERSION = com.apple.compilers.llvmgcc42;
				GCC_WARN_ABOUT_RETURN_TYPE = YES;
				GCC_WARN_UNUSED_VARIABLE = YES;
				IPHONEOS_DEPLOYMENT_TARGET = 4.3;
				OTHER_CFLAGS = "-DNS_BLOCK_ASSERTIONS=1";
				SDKROOT = iphoneos;
			};
			name = Release;
		};
		74C47B0C1377E80300B58D20 /* Debug */ = {
			isa = XCBuildConfiguration;
			buildSettings = {
				ALWAYS_SEARCH_USER_PATHS = NO;
				COPY_PHASE_STRIP = NO;
				GCC_DYNAMIC_NO_PIC = NO;
				GCC_PRECOMPILE_PREFIX_HEADER = YES;
				GCC_PREFIX_HEADER = "Swap/Swap-Prefix.pch";
				INFOPLIST_FILE = "Swap/Swap-Info.plist";
				PRODUCT_NAME = "$(TARGET_NAME)";
				WRAPPER_EXTENSION = app;
			};
			name = Debug;
		};
		74C47B0D1377E80300B58D20 /* Release */ = {
			isa = XCBuildConfiguration;
			buildSettings = {
				ALWAYS_SEARCH_USER_PATHS = NO;
				COPY_PHASE_STRIP = YES;
				GCC_PRECOMPILE_PREFIX_HEADER = YES;
				GCC_PREFIX_HEADER = "Swap/Swap-Prefix.pch";
				INFOPLIST_FILE = "Swap/Swap-Info.plist";
				PRODUCT_NAME = "$(TARGET_NAME)";
				VALIDATE_PRODUCT = YES;
				WRAPPER_EXTENSION = app;
			};
			name = Release;
		};
/* End XCBuildConfiguration section */

/* Begin XCConfigurationList section */
		74C47AE41377E80300B58D20 /* Build configuration list for PBXProject "Swap" */ = {
			isa = XCConfigurationList;
			buildConfigurations = (
				74C47B091377E80300B58D20 /* Debug */,
				74C47B0A1377E80300B58D20 /* Release */,
			);
			defaultConfigurationIsVisible = 0;
			defaultConfigurationName = Release;
		};
		74C47B0B1377E80300B58D20 /* Build configuration list for PBXNativeTarget "Swap" */ = {
			isa = XCConfigurationList;
			buildConfigurations = (
				74C47B0C1377E80300B58D20 /* Debug */,
				74C47B0D1377E80300B58D20 /* Release */,
			);
			defaultConfigurationIsVisible = 0;
		};
/* End XCConfigurationList section */
	};
	rootObject = 74C47AE11377E80300B58D20 /* Project object */;
}
